// !$*UTF8*$!
{
	archiveVersion = 1;
	classes = {
	};
	objectVersion = 46;
	objects = {

/* Begin PBXAggregateTarget section */
		023D832D1843CB1100D74A82 /* MultiArch Framework */ = {
			isa = PBXAggregateTarget;
			buildConfigurationList = 023D83301843CB1100D74A82 /* Build configuration list for PBXAggregateTarget "MultiArch Framework" */;
			buildPhases = (
				023D83351843CB2C00D74A82 /* ShellScript */,
			);
			dependencies = (
				023D83321843CB1700D74A82 /* PBXTargetDependency */,
			);
			name = "MultiArch Framework";
			productName = "MultiArch Framework";
		};
		83A0316915A8A2210085E186 /* Framework */ = {
			isa = PBXAggregateTarget;
			buildConfigurationList = 83A0316A15A8A2210085E186 /* Build configuration list for PBXAggregateTarget "Framework" */;
			buildPhases = (
				83A0316F15A8A2340085E186 /* ShellScript */,
			);
			dependencies = (
				83A0316E15A8A22B0085E186 /* PBXTargetDependency */,
			);
			name = Framework;
			productName = Framework;
		};
		83FEB830179B2428009097B8 /* Release Framework */ = {
			isa = PBXAggregateTarget;
			buildConfigurationList = 83FEB836179B2428009097B8 /* Build configuration list for PBXAggregateTarget "Release Framework" */;
			buildPhases = (
				83FEB835179B2428009097B8 /* ShellScript */,
			);
			dependencies = (
				83FEB833179B2428009097B8 /* PBXTargetDependency */,
			);
			name = "Release Framework";
			productName = Framework;
		};
/* End PBXAggregateTarget section */

/* Begin PBXBuildFile section */
		0266B3A3184EB1A800A91862 /* FPTableWithUploadButtonViewController.h in Headers */ = {isa = PBXBuildFile; fileRef = 0266B3A1184EB1A800A91862 /* FPTableWithUploadButtonViewController.h */; };
		0266B3A4184EB1A800A91862 /* FPTableWithUploadButtonViewController.m in Sources */ = {isa = PBXBuildFile; fileRef = 0266B3A2184EB1A800A91862 /* FPTableWithUploadButtonViewController.m */; };
		02C136AA1856794000D6940E /* FPProgressTracker.h in Headers */ = {isa = PBXBuildFile; fileRef = 02C136A81856794000D6940E /* FPProgressTracker.h */; };
		02C136AB1856794000D6940E /* FPProgressTracker.m in Sources */ = {isa = PBXBuildFile; fileRef = 02C136A91856794000D6940E /* FPProgressTracker.m */; };
		831E0ABE15AA6E460081004F /* FPSaveSourceController.h in Headers */ = {isa = PBXBuildFile; fileRef = 831E0ABC15AA6E460081004F /* FPSaveSourceController.h */; };
		831E0ABF15AA6E460081004F /* FPSaveSourceController.m in Sources */ = {isa = PBXBuildFile; fileRef = 831E0ABD15AA6E460081004F /* FPSaveSourceController.m */; };
		831E0B4715AAC3F30081004F /* FPThumbCell.h in Headers */ = {isa = PBXBuildFile; fileRef = 831E0B4515AAC3F30081004F /* FPThumbCell.h */; };
		831E0B4815AAC3F30081004F /* FPThumbCell.m in Sources */ = {isa = PBXBuildFile; fileRef = 831E0B4615AAC3F30081004F /* FPThumbCell.m */; };
		832739F3171F384F000A4A23 /* FPLocalAlbumController.h in Headers */ = {isa = PBXBuildFile; fileRef = 832739F1171F384E000A4A23 /* FPLocalAlbumController.h */; };
		832739F4171F384F000A4A23 /* FPLocalAlbumController.m in Sources */ = {isa = PBXBuildFile; fileRef = 832739F2171F384F000A4A23 /* FPLocalAlbumController.m */; };
		836A9D3A169B5CF1006AC920 /* FPInfoViewController.h in Headers */ = {isa = PBXBuildFile; fileRef = 836A9D38169B5CF0006AC920 /* FPInfoViewController.h */; };
		836A9D3B169B5CF1006AC920 /* FPInfoViewController.m in Sources */ = {isa = PBXBuildFile; fileRef = 836A9D39169B5CF0006AC920 /* FPInfoViewController.m */; };
		83A030E615A89C9D0085E186 /* Foundation.framework in Frameworks */ = {isa = PBXBuildFile; fileRef = 83A030E515A89C9D0085E186 /* Foundation.framework */; };
		83A0313715A89D6E0085E186 /* FPMBProgressHUD.h in Headers */ = {isa = PBXBuildFile; fileRef = 83A0313315A89D6E0085E186 /* FPMBProgressHUD.h */; };
		83A0313915A89D6E0085E186 /* FP_PullRefreshTableViewController.h in Headers */ = {isa = PBXBuildFile; fileRef = 83A0313515A89D6E0085E186 /* FP_PullRefreshTableViewController.h */; };
		83A0313A15A89D6E0085E186 /* FP_PullRefreshTableViewController.m in Sources */ = {isa = PBXBuildFile; fileRef = 83A0313615A89D6E0085E186 /* FP_PullRefreshTableViewController.m */; };
		83A0315515A89E050085E186 /* FPAuthController.h in Headers */ = {isa = PBXBuildFile; fileRef = 83A0314315A89E040085E186 /* FPAuthController.h */; settings = {ATTRIBUTES = (); }; };
		83A0315615A89E050085E186 /* FPAuthController.m in Sources */ = {isa = PBXBuildFile; fileRef = 83A0314415A89E040085E186 /* FPAuthController.m */; };
		83A0315715A89E050085E186 /* FPConfig.h in Headers */ = {isa = PBXBuildFile; fileRef = 83A0314515A89E040085E186 /* FPConfig.h */; settings = {ATTRIBUTES = (); }; };
		83A0315815A89E050085E186 /* FPConstants.h in Headers */ = {isa = PBXBuildFile; fileRef = 83A0314615A89E040085E186 /* FPConstants.h */; settings = {ATTRIBUTES = (Public, ); }; };
		83A0315915A89E050085E186 /* FPConstants.m in Sources */ = {isa = PBXBuildFile; fileRef = 83A0314715A89E040085E186 /* FPConstants.m */; };
		83A0315A15A89E050085E186 /* FPLibrary.h in Headers */ = {isa = PBXBuildFile; fileRef = 83A0314815A89E040085E186 /* FPLibrary.h */; settings = {ATTRIBUTES = (); }; };
		83A0315B15A89E050085E186 /* FPLibrary.m in Sources */ = {isa = PBXBuildFile; fileRef = 83A0314915A89E040085E186 /* FPLibrary.m */; };
		83A0315C15A89E050085E186 /* FPLocalController.h in Headers */ = {isa = PBXBuildFile; fileRef = 83A0314A15A89E040085E186 /* FPLocalController.h */; settings = {ATTRIBUTES = (); }; };
		83A0315D15A89E050085E186 /* FPLocalController.m in Sources */ = {isa = PBXBuildFile; fileRef = 83A0314B15A89E040085E186 /* FPLocalController.m */; };
		83A0315E15A89E050085E186 /* FPPicker.h in Headers */ = {isa = PBXBuildFile; fileRef = 83A0314C15A89E040085E186 /* FPPicker.h */; settings = {ATTRIBUTES = (Public, ); }; };
		83A0315F15A89E050085E186 /* FPPickerController.h in Headers */ = {isa = PBXBuildFile; fileRef = 83A0314D15A89E040085E186 /* FPPickerController.h */; settings = {ATTRIBUTES = (Public, ); }; };
		83A0316015A89E050085E186 /* FPPickerController.m in Sources */ = {isa = PBXBuildFile; fileRef = 83A0314E15A89E040085E186 /* FPPickerController.m */; };
		83A0316115A89E050085E186 /* FPSearchController.h in Headers */ = {isa = PBXBuildFile; fileRef = 83A0314F15A89E040085E186 /* FPSearchController.h */; settings = {ATTRIBUTES = (); }; };
		83A0316215A89E050085E186 /* FPSearchController.m in Sources */ = {isa = PBXBuildFile; fileRef = 83A0315015A89E040085E186 /* FPSearchController.m */; };
		83A0316315A89E050085E186 /* FPSourceController.h in Headers */ = {isa = PBXBuildFile; fileRef = 83A0315115A89E040085E186 /* FPSourceController.h */; settings = {ATTRIBUTES = (); }; };
		83A0316415A89E050085E186 /* FPSourceController.m in Sources */ = {isa = PBXBuildFile; fileRef = 83A0315215A89E040085E186 /* FPSourceController.m */; };
		83A0316515A89E050085E186 /* FPSourceListController.h in Headers */ = {isa = PBXBuildFile; fileRef = 83A0315315A89E050085E186 /* FPSourceListController.h */; settings = {ATTRIBUTES = (); }; };
		83A0316615A89E050085E186 /* FPSourceListController.m in Sources */ = {isa = PBXBuildFile; fileRef = 83A0315415A89E050085E186 /* FPSourceListController.m */; };
		83A031A615A8A4AD0085E186 /* FPSource.h in Headers */ = {isa = PBXBuildFile; fileRef = 83A031A415A8A4AC0085E186 /* FPSource.h */; settings = {ATTRIBUTES = (); }; };
		83A031A715A8A4AD0085E186 /* FPSource.m in Sources */ = {isa = PBXBuildFile; fileRef = 83A031A515A8A4AC0085E186 /* FPSource.m */; };
		83A031B815A8EED60085E186 /* MobileCoreServices.framework in Frameworks */ = {isa = PBXBuildFile; fileRef = 83A031B615A8EEC40085E186 /* MobileCoreServices.framework */; };
		83A031BB15A8F2570085E186 /* FPSaveController.h in Headers */ = {isa = PBXBuildFile; fileRef = 83A031B915A8F2570085E186 /* FPSaveController.h */; settings = {ATTRIBUTES = (Public, ); }; };
		83A031BC15A8F2570085E186 /* FPSaveController.m in Sources */ = {isa = PBXBuildFile; fileRef = 83A031BA15A8F2570085E186 /* FPSaveController.m */; };
		83A031DF15AA288C0085E186 /* FPExternalHeaders.h in Headers */ = {isa = PBXBuildFile; fileRef = 83A031DE15AA26CE0085E186 /* FPExternalHeaders.h */; settings = {ATTRIBUTES = (Public, ); }; };
		83A031E015AA288C0085E186 /* FPInternalHeaders.h in Headers */ = {isa = PBXBuildFile; fileRef = 83A031DD15AA14820085E186 /* FPInternalHeaders.h */; settings = {ATTRIBUTES = (); }; };
		83C5790415AF13D900A601DB /* FPMBProgressHUD.m in Sources */ = {isa = PBXBuildFile; fileRef = 83A0313415A89D6E0085E186 /* FPMBProgressHUD.m */; };
		DA42D8FD16034C178DE6E7B5 /* libPods.a in Frameworks */ = {isa = PBXBuildFile; fileRef = 51F3E944C6124DEDBAF236DC /* libPods.a */; };
		EF2C85C6191062890050BE05 /* FPAFHTTPClient.h in Headers */ = {isa = PBXBuildFile; fileRef = EF2C85B1191062890050BE05 /* FPAFHTTPClient.h */; };
		EF2C85C7191062890050BE05 /* FPAFHTTPClient.m in Sources */ = {isa = PBXBuildFile; fileRef = EF2C85B2191062890050BE05 /* FPAFHTTPClient.m */; settings = {COMPILER_FLAGS = "-fno-objc-arc"; }; };
		EF2C85C8191062890050BE05 /* FPAFHTTPRequestOperation.h in Headers */ = {isa = PBXBuildFile; fileRef = EF2C85B3191062890050BE05 /* FPAFHTTPRequestOperation.h */; };
		EF2C85C9191062890050BE05 /* FPAFHTTPRequestOperation.m in Sources */ = {isa = PBXBuildFile; fileRef = EF2C85B4191062890050BE05 /* FPAFHTTPRequestOperation.m */; settings = {COMPILER_FLAGS = "-fno-objc-arc"; }; };
		EF2C85CA191062890050BE05 /* FPAFImageRequestOperation.h in Headers */ = {isa = PBXBuildFile; fileRef = EF2C85B5191062890050BE05 /* FPAFImageRequestOperation.h */; };
		EF2C85CB191062890050BE05 /* FPAFImageRequestOperation.m in Sources */ = {isa = PBXBuildFile; fileRef = EF2C85B6191062890050BE05 /* FPAFImageRequestOperation.m */; settings = {COMPILER_FLAGS = "-fno-objc-arc"; }; };
		EF2C85CC191062890050BE05 /* FPAFJSONRequestOperation.h in Headers */ = {isa = PBXBuildFile; fileRef = EF2C85B7191062890050BE05 /* FPAFJSONRequestOperation.h */; };
		EF2C85CD191062890050BE05 /* FPAFJSONRequestOperation.m in Sources */ = {isa = PBXBuildFile; fileRef = EF2C85B8191062890050BE05 /* FPAFJSONRequestOperation.m */; settings = {COMPILER_FLAGS = "-fno-objc-arc"; }; };
		EF2C85CE191062890050BE05 /* FPAFJSONUtilities.h in Headers */ = {isa = PBXBuildFile; fileRef = EF2C85B9191062890050BE05 /* FPAFJSONUtilities.h */; };
		EF2C85CF191062890050BE05 /* FPAFJSONUtilities.m in Sources */ = {isa = PBXBuildFile; fileRef = EF2C85BA191062890050BE05 /* FPAFJSONUtilities.m */; settings = {COMPILER_FLAGS = "-fno-objc-arc"; }; };
		EF2C85D0191062890050BE05 /* FPAFNetworkActivityIndicatorManager.h in Headers */ = {isa = PBXBuildFile; fileRef = EF2C85BB191062890050BE05 /* FPAFNetworkActivityIndicatorManager.h */; };
		EF2C85D1191062890050BE05 /* FPAFNetworkActivityIndicatorManager.m in Sources */ = {isa = PBXBuildFile; fileRef = EF2C85BC191062890050BE05 /* FPAFNetworkActivityIndicatorManager.m */; settings = {COMPILER_FLAGS = "-fno-objc-arc"; }; };
		EF2C85D2191062890050BE05 /* FPAFNetworking.h in Headers */ = {isa = PBXBuildFile; fileRef = EF2C85BD191062890050BE05 /* FPAFNetworking.h */; };
		EF2C85D3191062890050BE05 /* FPAFPropertyListRequestOperation.h in Headers */ = {isa = PBXBuildFile; fileRef = EF2C85BE191062890050BE05 /* FPAFPropertyListRequestOperation.h */; };
		EF2C85D4191062890050BE05 /* FPAFPropertyListRequestOperation.m in Sources */ = {isa = PBXBuildFile; fileRef = EF2C85BF191062890050BE05 /* FPAFPropertyListRequestOperation.m */; settings = {COMPILER_FLAGS = "-fno-objc-arc"; }; };
		EF2C85D5191062890050BE05 /* FPAFURLConnectionOperation.h in Headers */ = {isa = PBXBuildFile; fileRef = EF2C85C0191062890050BE05 /* FPAFURLConnectionOperation.h */; };
		EF2C85D6191062890050BE05 /* FPAFURLConnectionOperation.m in Sources */ = {isa = PBXBuildFile; fileRef = EF2C85C1191062890050BE05 /* FPAFURLConnectionOperation.m */; settings = {COMPILER_FLAGS = "-fno-objc-arc"; }; };
		EF2C85D7191062890050BE05 /* FPAFXMLRequestOperation.h in Headers */ = {isa = PBXBuildFile; fileRef = EF2C85C2191062890050BE05 /* FPAFXMLRequestOperation.h */; };
		EF2C85D8191062890050BE05 /* FPAFXMLRequestOperation.m in Sources */ = {isa = PBXBuildFile; fileRef = EF2C85C3191062890050BE05 /* FPAFXMLRequestOperation.m */; settings = {COMPILER_FLAGS = "-fno-objc-arc"; }; };
		EF2C85D9191062890050BE05 /* UIImageView+FPAFNetworking.h in Headers */ = {isa = PBXBuildFile; fileRef = EF2C85C4191062890050BE05 /* UIImageView+FPAFNetworking.h */; };
		EF2C85DA191062890050BE05 /* UIImageView+FPAFNetworking.m in Sources */ = {isa = PBXBuildFile; fileRef = EF2C85C5191062890050BE05 /* UIImageView+FPAFNetworking.m */; settings = {COMPILER_FLAGS = "-fno-objc-arc"; }; };
/* End PBXBuildFile section */

/* Begin PBXContainerItemProxy section */
		023D83311843CB1700D74A82 /* PBXContainerItemProxy */ = {
			isa = PBXContainerItemProxy;
			containerPortal = 83A030D915A89C9D0085E186 /* Project object */;
			proxyType = 1;
			remoteGlobalIDString = 83A030E115A89C9D0085E186;
			remoteInfo = FPPicker;
		};
		83A0316D15A8A22B0085E186 /* PBXContainerItemProxy */ = {
			isa = PBXContainerItemProxy;
			containerPortal = 83A030D915A89C9D0085E186 /* Project object */;
			proxyType = 1;
			remoteGlobalIDString = 83A030E115A89C9D0085E186;
			remoteInfo = FPPicker;
		};
		83FEB834179B2428009097B8 /* PBXContainerItemProxy */ = {
			isa = PBXContainerItemProxy;
			containerPortal = 83A030D915A89C9D0085E186 /* Project object */;
			proxyType = 1;
			remoteGlobalIDString = 83A030E115A89C9D0085E186;
			remoteInfo = FPPicker;
		};
/* End PBXContainerItemProxy section */

/* Begin PBXFileReference section */
		0266B3A1184EB1A800A91862 /* FPTableWithUploadButtonViewController.h */ = {isa = PBXFileReference; fileEncoding = 4; lastKnownFileType = sourcecode.c.h; path = FPTableWithUploadButtonViewController.h; sourceTree = "<group>"; };
		0266B3A2184EB1A800A91862 /* FPTableWithUploadButtonViewController.m */ = {isa = PBXFileReference; fileEncoding = 4; lastKnownFileType = sourcecode.c.objc; path = FPTableWithUploadButtonViewController.m; sourceTree = "<group>"; };
		02C136A81856794000D6940E /* FPProgressTracker.h */ = {isa = PBXFileReference; fileEncoding = 4; lastKnownFileType = sourcecode.c.h; path = FPProgressTracker.h; sourceTree = "<group>"; };
		02C136A91856794000D6940E /* FPProgressTracker.m */ = {isa = PBXFileReference; fileEncoding = 4; lastKnownFileType = sourcecode.c.objc; path = FPProgressTracker.m; sourceTree = "<group>"; };
		51F3E944C6124DEDBAF236DC /* libPods.a */ = {isa = PBXFileReference; explicitFileType = archive.ar; includeInIndex = 0; path = libPods.a; sourceTree = BUILT_PRODUCTS_DIR; };
		831E0ABC15AA6E460081004F /* FPSaveSourceController.h */ = {isa = PBXFileReference; fileEncoding = 4; lastKnownFileType = sourcecode.c.h; path = FPSaveSourceController.h; sourceTree = "<group>"; };
		831E0ABD15AA6E460081004F /* FPSaveSourceController.m */ = {isa = PBXFileReference; fileEncoding = 4; lastKnownFileType = sourcecode.c.objc; path = FPSaveSourceController.m; sourceTree = "<group>"; };
		831E0B4515AAC3F30081004F /* FPThumbCell.h */ = {isa = PBXFileReference; fileEncoding = 4; lastKnownFileType = sourcecode.c.h; path = FPThumbCell.h; sourceTree = "<group>"; };
		831E0B4615AAC3F30081004F /* FPThumbCell.m */ = {isa = PBXFileReference; fileEncoding = 4; lastKnownFileType = sourcecode.c.objc; path = FPThumbCell.m; sourceTree = "<group>"; };
		832739F1171F384E000A4A23 /* FPLocalAlbumController.h */ = {isa = PBXFileReference; fileEncoding = 4; lastKnownFileType = sourcecode.c.h; path = FPLocalAlbumController.h; sourceTree = "<group>"; };
		832739F2171F384F000A4A23 /* FPLocalAlbumController.m */ = {isa = PBXFileReference; fileEncoding = 4; lastKnownFileType = sourcecode.c.objc; path = FPLocalAlbumController.m; sourceTree = "<group>"; };
		836A9D38169B5CF0006AC920 /* FPInfoViewController.h */ = {isa = PBXFileReference; fileEncoding = 4; lastKnownFileType = sourcecode.c.h; path = FPInfoViewController.h; sourceTree = "<group>"; };
		836A9D39169B5CF0006AC920 /* FPInfoViewController.m */ = {isa = PBXFileReference; fileEncoding = 4; lastKnownFileType = sourcecode.c.objc; path = FPInfoViewController.m; sourceTree = "<group>"; };
		83A030E215A89C9D0085E186 /* libFPPicker.a */ = {isa = PBXFileReference; explicitFileType = archive.ar; includeInIndex = 0; path = libFPPicker.a; sourceTree = BUILT_PRODUCTS_DIR; };
		83A030E515A89C9D0085E186 /* Foundation.framework */ = {isa = PBXFileReference; lastKnownFileType = wrapper.framework; name = Foundation.framework; path = System/Library/Frameworks/Foundation.framework; sourceTree = SDKROOT; };
		83A030E915A89C9D0085E186 /* FPPicker-Prefix.pch */ = {isa = PBXFileReference; lastKnownFileType = sourcecode.c.h; path = "FPPicker-Prefix.pch"; sourceTree = "<group>"; };
		83A0313315A89D6E0085E186 /* FPMBProgressHUD.h */ = {isa = PBXFileReference; fileEncoding = 4; lastKnownFileType = sourcecode.c.h; path = FPMBProgressHUD.h; sourceTree = "<group>"; };
		83A0313415A89D6E0085E186 /* FPMBProgressHUD.m */ = {isa = PBXFileReference; fileEncoding = 4; lastKnownFileType = sourcecode.c.objc; path = FPMBProgressHUD.m; sourceTree = "<group>"; };
		83A0313515A89D6E0085E186 /* FP_PullRefreshTableViewController.h */ = {isa = PBXFileReference; fileEncoding = 4; lastKnownFileType = sourcecode.c.h; path = FP_PullRefreshTableViewController.h; sourceTree = "<group>"; };
		83A0313615A89D6E0085E186 /* FP_PullRefreshTableViewController.m */ = {isa = PBXFileReference; fileEncoding = 4; lastKnownFileType = sourcecode.c.objc; path = FP_PullRefreshTableViewController.m; sourceTree = "<group>"; };
		83A0314315A89E040085E186 /* FPAuthController.h */ = {isa = PBXFileReference; fileEncoding = 4; lastKnownFileType = sourcecode.c.h; path = FPAuthController.h; sourceTree = "<group>"; };
		83A0314415A89E040085E186 /* FPAuthController.m */ = {isa = PBXFileReference; fileEncoding = 4; lastKnownFileType = sourcecode.c.objc; path = FPAuthController.m; sourceTree = "<group>"; };
		83A0314515A89E040085E186 /* FPConfig.h */ = {isa = PBXFileReference; fileEncoding = 4; lastKnownFileType = sourcecode.c.h; path = FPConfig.h; sourceTree = "<group>"; };
		83A0314615A89E040085E186 /* FPConstants.h */ = {isa = PBXFileReference; fileEncoding = 4; lastKnownFileType = sourcecode.c.h; path = FPConstants.h; sourceTree = "<group>"; };
		83A0314715A89E040085E186 /* FPConstants.m */ = {isa = PBXFileReference; fileEncoding = 4; lastKnownFileType = sourcecode.c.objc; path = FPConstants.m; sourceTree = "<group>"; };
		83A0314815A89E040085E186 /* FPLibrary.h */ = {isa = PBXFileReference; fileEncoding = 4; lastKnownFileType = sourcecode.c.h; path = FPLibrary.h; sourceTree = "<group>"; };
		83A0314915A89E040085E186 /* FPLibrary.m */ = {isa = PBXFileReference; fileEncoding = 4; lastKnownFileType = sourcecode.c.objc; path = FPLibrary.m; sourceTree = "<group>"; };
		83A0314A15A89E040085E186 /* FPLocalController.h */ = {isa = PBXFileReference; fileEncoding = 4; lastKnownFileType = sourcecode.c.h; path = FPLocalController.h; sourceTree = "<group>"; };
		83A0314B15A89E040085E186 /* FPLocalController.m */ = {isa = PBXFileReference; fileEncoding = 4; lastKnownFileType = sourcecode.c.objc; path = FPLocalController.m; sourceTree = "<group>"; };
		83A0314C15A89E040085E186 /* FPPicker.h */ = {isa = PBXFileReference; fileEncoding = 4; lastKnownFileType = sourcecode.c.h; path = FPPicker.h; sourceTree = "<group>"; };
		83A0314D15A89E040085E186 /* FPPickerController.h */ = {isa = PBXFileReference; fileEncoding = 4; lastKnownFileType = sourcecode.c.h; path = FPPickerController.h; sourceTree = "<group>"; };
		83A0314E15A89E040085E186 /* FPPickerController.m */ = {isa = PBXFileReference; fileEncoding = 4; lastKnownFileType = sourcecode.c.objc; path = FPPickerController.m; sourceTree = "<group>"; };
		83A0314F15A89E040085E186 /* FPSearchController.h */ = {isa = PBXFileReference; fileEncoding = 4; lastKnownFileType = sourcecode.c.h; path = FPSearchController.h; sourceTree = "<group>"; };
		83A0315015A89E040085E186 /* FPSearchController.m */ = {isa = PBXFileReference; fileEncoding = 4; lastKnownFileType = sourcecode.c.objc; path = FPSearchController.m; sourceTree = "<group>"; };
		83A0315115A89E040085E186 /* FPSourceController.h */ = {isa = PBXFileReference; fileEncoding = 4; lastKnownFileType = sourcecode.c.h; path = FPSourceController.h; sourceTree = "<group>"; };
		83A0315215A89E040085E186 /* FPSourceController.m */ = {isa = PBXFileReference; fileEncoding = 4; lastKnownFileType = sourcecode.c.objc; path = FPSourceController.m; sourceTree = "<group>"; };
		83A0315315A89E050085E186 /* FPSourceListController.h */ = {isa = PBXFileReference; fileEncoding = 4; lastKnownFileType = sourcecode.c.h; path = FPSourceListController.h; sourceTree = "<group>"; };
		83A0315415A89E050085E186 /* FPSourceListController.m */ = {isa = PBXFileReference; fileEncoding = 4; lastKnownFileType = sourcecode.c.objc; path = FPSourceListController.m; sourceTree = "<group>"; };
		83A0317515A8A2A40085E186 /* CoreFoundation.framework */ = {isa = PBXFileReference; lastKnownFileType = wrapper.framework; name = CoreFoundation.framework; path = System/Library/Frameworks/CoreFoundation.framework; sourceTree = SDKROOT; };
		83A031A415A8A4AC0085E186 /* FPSource.h */ = {isa = PBXFileReference; fileEncoding = 4; lastKnownFileType = sourcecode.c.h; path = FPSource.h; sourceTree = "<group>"; };
		83A031A515A8A4AC0085E186 /* FPSource.m */ = {isa = PBXFileReference; fileEncoding = 4; lastKnownFileType = sourcecode.c.objc; path = FPSource.m; sourceTree = "<group>"; };
		83A031B615A8EEC40085E186 /* MobileCoreServices.framework */ = {isa = PBXFileReference; lastKnownFileType = wrapper.framework; name = MobileCoreServices.framework; path = System/Library/Frameworks/MobileCoreServices.framework; sourceTree = SDKROOT; };
		83A031B915A8F2570085E186 /* FPSaveController.h */ = {isa = PBXFileReference; fileEncoding = 4; lastKnownFileType = sourcecode.c.h; path = FPSaveController.h; sourceTree = "<group>"; };
		83A031BA15A8F2570085E186 /* FPSaveController.m */ = {isa = PBXFileReference; fileEncoding = 4; lastKnownFileType = sourcecode.c.objc; path = FPSaveController.m; sourceTree = "<group>"; };
		83A031DD15AA14820085E186 /* FPInternalHeaders.h */ = {isa = PBXFileReference; lastKnownFileType = sourcecode.c.h; path = FPInternalHeaders.h; sourceTree = "<group>"; };
		83A031DE15AA26CE0085E186 /* FPExternalHeaders.h */ = {isa = PBXFileReference; lastKnownFileType = sourcecode.c.h; path = FPExternalHeaders.h; sourceTree = "<group>"; };
		AE5FA085DB7442F9A1DB5EE4 /* Pods.xcconfig */ = {isa = PBXFileReference; includeInIndex = 1; lastKnownFileType = text.xcconfig; name = Pods.xcconfig; path = Pods/Pods.xcconfig; sourceTree = "<group>"; };
		EF2C85B1191062890050BE05 /* FPAFHTTPClient.h */ = {isa = PBXFileReference; fileEncoding = 4; lastKnownFileType = sourcecode.c.h; name = FPAFHTTPClient.h; path = FPAFNetworking/FPAFHTTPClient.h; sourceTree = "<group>"; };
		EF2C85B2191062890050BE05 /* FPAFHTTPClient.m */ = {isa = PBXFileReference; fileEncoding = 4; lastKnownFileType = sourcecode.c.objc; name = FPAFHTTPClient.m; path = FPAFNetworking/FPAFHTTPClient.m; sourceTree = "<group>"; };
		EF2C85B3191062890050BE05 /* FPAFHTTPRequestOperation.h */ = {isa = PBXFileReference; fileEncoding = 4; lastKnownFileType = sourcecode.c.h; name = FPAFHTTPRequestOperation.h; path = FPAFNetworking/FPAFHTTPRequestOperation.h; sourceTree = "<group>"; };
		EF2C85B4191062890050BE05 /* FPAFHTTPRequestOperation.m */ = {isa = PBXFileReference; fileEncoding = 4; lastKnownFileType = sourcecode.c.objc; name = FPAFHTTPRequestOperation.m; path = FPAFNetworking/FPAFHTTPRequestOperation.m; sourceTree = "<group>"; };
		EF2C85B5191062890050BE05 /* FPAFImageRequestOperation.h */ = {isa = PBXFileReference; fileEncoding = 4; lastKnownFileType = sourcecode.c.h; name = FPAFImageRequestOperation.h; path = FPAFNetworking/FPAFImageRequestOperation.h; sourceTree = "<group>"; };
		EF2C85B6191062890050BE05 /* FPAFImageRequestOperation.m */ = {isa = PBXFileReference; fileEncoding = 4; lastKnownFileType = sourcecode.c.objc; name = FPAFImageRequestOperation.m; path = FPAFNetworking/FPAFImageRequestOperation.m; sourceTree = "<group>"; };
		EF2C85B7191062890050BE05 /* FPAFJSONRequestOperation.h */ = {isa = PBXFileReference; fileEncoding = 4; lastKnownFileType = sourcecode.c.h; name = FPAFJSONRequestOperation.h; path = FPAFNetworking/FPAFJSONRequestOperation.h; sourceTree = "<group>"; };
		EF2C85B8191062890050BE05 /* FPAFJSONRequestOperation.m */ = {isa = PBXFileReference; fileEncoding = 4; lastKnownFileType = sourcecode.c.objc; name = FPAFJSONRequestOperation.m; path = FPAFNetworking/FPAFJSONRequestOperation.m; sourceTree = "<group>"; };
		EF2C85B9191062890050BE05 /* FPAFJSONUtilities.h */ = {isa = PBXFileReference; fileEncoding = 4; lastKnownFileType = sourcecode.c.h; name = FPAFJSONUtilities.h; path = FPAFNetworking/FPAFJSONUtilities.h; sourceTree = "<group>"; };
		EF2C85BA191062890050BE05 /* FPAFJSONUtilities.m */ = {isa = PBXFileReference; fileEncoding = 4; lastKnownFileType = sourcecode.c.objc; name = FPAFJSONUtilities.m; path = FPAFNetworking/FPAFJSONUtilities.m; sourceTree = "<group>"; };
		EF2C85BB191062890050BE05 /* FPAFNetworkActivityIndicatorManager.h */ = {isa = PBXFileReference; fileEncoding = 4; lastKnownFileType = sourcecode.c.h; name = FPAFNetworkActivityIndicatorManager.h; path = FPAFNetworking/FPAFNetworkActivityIndicatorManager.h; sourceTree = "<group>"; };
		EF2C85BC191062890050BE05 /* FPAFNetworkActivityIndicatorManager.m */ = {isa = PBXFileReference; fileEncoding = 4; lastKnownFileType = sourcecode.c.objc; name = FPAFNetworkActivityIndicatorManager.m; path = FPAFNetworking/FPAFNetworkActivityIndicatorManager.m; sourceTree = "<group>"; };
		EF2C85BD191062890050BE05 /* FPAFNetworking.h */ = {isa = PBXFileReference; fileEncoding = 4; lastKnownFileType = sourcecode.c.h; name = FPAFNetworking.h; path = FPAFNetworking/FPAFNetworking.h; sourceTree = "<group>"; };
		EF2C85BE191062890050BE05 /* FPAFPropertyListRequestOperation.h */ = {isa = PBXFileReference; fileEncoding = 4; lastKnownFileType = sourcecode.c.h; name = FPAFPropertyListRequestOperation.h; path = FPAFNetworking/FPAFPropertyListRequestOperation.h; sourceTree = "<group>"; };
		EF2C85BF191062890050BE05 /* FPAFPropertyListRequestOperation.m */ = {isa = PBXFileReference; fileEncoding = 4; lastKnownFileType = sourcecode.c.objc; name = FPAFPropertyListRequestOperation.m; path = FPAFNetworking/FPAFPropertyListRequestOperation.m; sourceTree = "<group>"; };
		EF2C85C0191062890050BE05 /* FPAFURLConnectionOperation.h */ = {isa = PBXFileReference; fileEncoding = 4; lastKnownFileType = sourcecode.c.h; name = FPAFURLConnectionOperation.h; path = FPAFNetworking/FPAFURLConnectionOperation.h; sourceTree = "<group>"; };
		EF2C85C1191062890050BE05 /* FPAFURLConnectionOperation.m */ = {isa = PBXFileReference; fileEncoding = 4; lastKnownFileType = sourcecode.c.objc; name = FPAFURLConnectionOperation.m; path = FPAFNetworking/FPAFURLConnectionOperation.m; sourceTree = "<group>"; };
		EF2C85C2191062890050BE05 /* FPAFXMLRequestOperation.h */ = {isa = PBXFileReference; fileEncoding = 4; lastKnownFileType = sourcecode.c.h; name = FPAFXMLRequestOperation.h; path = FPAFNetworking/FPAFXMLRequestOperation.h; sourceTree = "<group>"; };
		EF2C85C3191062890050BE05 /* FPAFXMLRequestOperation.m */ = {isa = PBXFileReference; fileEncoding = 4; lastKnownFileType = sourcecode.c.objc; name = FPAFXMLRequestOperation.m; path = FPAFNetworking/FPAFXMLRequestOperation.m; sourceTree = "<group>"; };
		EF2C85C4191062890050BE05 /* UIImageView+FPAFNetworking.h */ = {isa = PBXFileReference; fileEncoding = 4; lastKnownFileType = sourcecode.c.h; name = "UIImageView+FPAFNetworking.h"; path = "FPAFNetworking/UIImageView+FPAFNetworking.h"; sourceTree = "<group>"; };
		EF2C85C5191062890050BE05 /* UIImageView+FPAFNetworking.m */ = {isa = PBXFileReference; fileEncoding = 4; lastKnownFileType = sourcecode.c.objc; name = "UIImageView+FPAFNetworking.m"; path = "FPAFNetworking/UIImageView+FPAFNetworking.m"; sourceTree = "<group>"; };
/* End PBXFileReference section */

/* Begin PBXFrameworksBuildPhase section */
		83A030DF15A89C9D0085E186 /* Frameworks */ = {
			isa = PBXFrameworksBuildPhase;
			buildActionMask = 2147483647;
			files = (
				83A031B815A8EED60085E186 /* MobileCoreServices.framework in Frameworks */,
				83A030E615A89C9D0085E186 /* Foundation.framework in Frameworks */,
				DA42D8FD16034C178DE6E7B5 /* libPods.a in Frameworks */,
			);
			runOnlyForDeploymentPostprocessing = 0;
		};
/* End PBXFrameworksBuildPhase section */

/* Begin PBXGroup section */
		83A030D715A89C9D0085E186 = {
			isa = PBXGroup;
			children = (
				83A030E715A89C9D0085E186 /* FPPicker */,
				83A030E415A89C9D0085E186 /* Frameworks */,
				83A030E315A89C9D0085E186 /* Products */,
				AE5FA085DB7442F9A1DB5EE4 /* Pods.xcconfig */,
			);
			sourceTree = "<group>";
		};
		83A030E315A89C9D0085E186 /* Products */ = {
			isa = PBXGroup;
			children = (
				83A030E215A89C9D0085E186 /* libFPPicker.a */,
			);
			name = Products;
			sourceTree = "<group>";
		};
		83A030E415A89C9D0085E186 /* Frameworks */ = {
			isa = PBXGroup;
			children = (
				83A031B615A8EEC40085E186 /* MobileCoreServices.framework */,
				83A030E515A89C9D0085E186 /* Foundation.framework */,
				83A0317515A8A2A40085E186 /* CoreFoundation.framework */,
				51F3E944C6124DEDBAF236DC /* libPods.a */,
			);
			name = Frameworks;
			sourceTree = "<group>";
		};
		83A030E715A89C9D0085E186 /* FPPicker */ = {
			isa = PBXGroup;
			children = (
				83A0314C15A89E040085E186 /* FPPicker.h */,
				83A031DE15AA26CE0085E186 /* FPExternalHeaders.h */,
				83A031DD15AA14820085E186 /* FPInternalHeaders.h */,
				83A0314515A89E040085E186 /* FPConfig.h */,
				83A0314615A89E040085E186 /* FPConstants.h */,
				83A0314715A89E040085E186 /* FPConstants.m */,
				83A031A415A8A4AC0085E186 /* FPSource.h */,
				83A031A515A8A4AC0085E186 /* FPSource.m */,
				83A0314815A89E040085E186 /* FPLibrary.h */,
				83A0314915A89E040085E186 /* FPLibrary.m */,
				83A0316715A89E0C0085E186 /* FPClasses */,
				83A030F215A89CC40085E186 /* Vendor */,
				83A030E815A89C9D0085E186 /* Supporting Files */,
			);
			path = FPPicker;
			sourceTree = "<group>";
		};
		83A030E815A89C9D0085E186 /* Supporting Files */ = {
			isa = PBXGroup;
			children = (
				83A030E915A89C9D0085E186 /* FPPicker-Prefix.pch */,
			);
			name = "Supporting Files";
			sourceTree = "<group>";
		};
		83A030F215A89CC40085E186 /* Vendor */ = {
			isa = PBXGroup;
			children = (
				83A0313315A89D6E0085E186 /* FPMBProgressHUD.h */,
				83A0313415A89D6E0085E186 /* FPMBProgressHUD.m */,
				83A0313515A89D6E0085E186 /* FP_PullRefreshTableViewController.h */,
				83A0313615A89D6E0085E186 /* FP_PullRefreshTableViewController.m */,
				83A0311915A89CF90085E186 /* FPAFNetworking */,
			);
			name = Vendor;
			sourceTree = "<group>";
		};
		83A0311915A89CF90085E186 /* FPAFNetworking */ = {
			isa = PBXGroup;
			children = (
				EF2C85B1191062890050BE05 /* FPAFHTTPClient.h */,
				EF2C85B2191062890050BE05 /* FPAFHTTPClient.m */,
				EF2C85B3191062890050BE05 /* FPAFHTTPRequestOperation.h */,
				EF2C85B4191062890050BE05 /* FPAFHTTPRequestOperation.m */,
				EF2C85B5191062890050BE05 /* FPAFImageRequestOperation.h */,
				EF2C85B6191062890050BE05 /* FPAFImageRequestOperation.m */,
				EF2C85B7191062890050BE05 /* FPAFJSONRequestOperation.h */,
				EF2C85B8191062890050BE05 /* FPAFJSONRequestOperation.m */,
				EF2C85B9191062890050BE05 /* FPAFJSONUtilities.h */,
				EF2C85BA191062890050BE05 /* FPAFJSONUtilities.m */,
				EF2C85BB191062890050BE05 /* FPAFNetworkActivityIndicatorManager.h */,
				EF2C85BC191062890050BE05 /* FPAFNetworkActivityIndicatorManager.m */,
				EF2C85BD191062890050BE05 /* FPAFNetworking.h */,
				EF2C85BE191062890050BE05 /* FPAFPropertyListRequestOperation.h */,
				EF2C85BF191062890050BE05 /* FPAFPropertyListRequestOperation.m */,
				EF2C85C0191062890050BE05 /* FPAFURLConnectionOperation.h */,
				EF2C85C1191062890050BE05 /* FPAFURLConnectionOperation.m */,
				EF2C85C2191062890050BE05 /* FPAFXMLRequestOperation.h */,
				EF2C85C3191062890050BE05 /* FPAFXMLRequestOperation.m */,
				EF2C85C4191062890050BE05 /* UIImageView+FPAFNetworking.h */,
				EF2C85C5191062890050BE05 /* UIImageView+FPAFNetworking.m */,
			);
			name = FPAFNetworking;
			sourceTree = "<group>";
		};
		83A0316715A89E0C0085E186 /* FPClasses */ = {
			isa = PBXGroup;
			children = (
				83A0314D15A89E040085E186 /* FPPickerController.h */,
				83A0314E15A89E040085E186 /* FPPickerController.m */,
				83A031B915A8F2570085E186 /* FPSaveController.h */,
				83A031BA15A8F2570085E186 /* FPSaveController.m */,
				83A0315315A89E050085E186 /* FPSourceListController.h */,
				83A0315415A89E050085E186 /* FPSourceListController.m */,
				83A0314A15A89E040085E186 /* FPLocalController.h */,
				83A0314B15A89E040085E186 /* FPLocalController.m */,
				832739F1171F384E000A4A23 /* FPLocalAlbumController.h */,
				832739F2171F384F000A4A23 /* FPLocalAlbumController.m */,
				83A0315115A89E040085E186 /* FPSourceController.h */,
				83A0315215A89E040085E186 /* FPSourceController.m */,
				831E0B4515AAC3F30081004F /* FPThumbCell.h */,
				831E0B4615AAC3F30081004F /* FPThumbCell.m */,
				831E0ABC15AA6E460081004F /* FPSaveSourceController.h */,
				831E0ABD15AA6E460081004F /* FPSaveSourceController.m */,
				83A0314F15A89E040085E186 /* FPSearchController.h */,
				83A0315015A89E040085E186 /* FPSearchController.m */,
				83A0314315A89E040085E186 /* FPAuthController.h */,
				83A0314415A89E040085E186 /* FPAuthController.m */,
				836A9D38169B5CF0006AC920 /* FPInfoViewController.h */,
				836A9D39169B5CF0006AC920 /* FPInfoViewController.m */,
				0266B3A1184EB1A800A91862 /* FPTableWithUploadButtonViewController.h */,
				0266B3A2184EB1A800A91862 /* FPTableWithUploadButtonViewController.m */,
				02C136A81856794000D6940E /* FPProgressTracker.h */,
				02C136A91856794000D6940E /* FPProgressTracker.m */,
			);
			name = FPClasses;
			sourceTree = "<group>";
		};
/* End PBXGroup section */

/* Begin PBXHeadersBuildPhase section */
		83A030E015A89C9D0085E186 /* Headers */ = {
			isa = PBXHeadersBuildPhase;
			buildActionMask = 2147483647;
			files = (
				EF2C85D5191062890050BE05 /* FPAFURLConnectionOperation.h in Headers */,
				EF2C85D3191062890050BE05 /* FPAFPropertyListRequestOperation.h in Headers */,
				83A0313715A89D6E0085E186 /* FPMBProgressHUD.h in Headers */,
				83A0313915A89D6E0085E186 /* FP_PullRefreshTableViewController.h in Headers */,
				83A0315515A89E050085E186 /* FPAuthController.h in Headers */,
				EF2C85D2191062890050BE05 /* FPAFNetworking.h in Headers */,
				EF2C85D0191062890050BE05 /* FPAFNetworkActivityIndicatorManager.h in Headers */,
				83A0315715A89E050085E186 /* FPConfig.h in Headers */,
				83A0315815A89E050085E186 /* FPConstants.h in Headers */,
				83A0315A15A89E050085E186 /* FPLibrary.h in Headers */,
				0266B3A3184EB1A800A91862 /* FPTableWithUploadButtonViewController.h in Headers */,
				EF2C85CA191062890050BE05 /* FPAFImageRequestOperation.h in Headers */,
				83A0315C15A89E050085E186 /* FPLocalController.h in Headers */,
				EF2C85C6191062890050BE05 /* FPAFHTTPClient.h in Headers */,
				83A0315E15A89E050085E186 /* FPPicker.h in Headers */,
				83A0315F15A89E050085E186 /* FPPickerController.h in Headers */,
				02C136AA1856794000D6940E /* FPProgressTracker.h in Headers */,
				EF2C85CC191062890050BE05 /* FPAFJSONRequestOperation.h in Headers */,
				83A0316115A89E050085E186 /* FPSearchController.h in Headers */,
				83A0316315A89E050085E186 /* FPSourceController.h in Headers */,
				83A0316515A89E050085E186 /* FPSourceListController.h in Headers */,
				83A031A615A8A4AD0085E186 /* FPSource.h in Headers */,
				83A031BB15A8F2570085E186 /* FPSaveController.h in Headers */,
				EF2C85D7191062890050BE05 /* FPAFXMLRequestOperation.h in Headers */,
				83A031DF15AA288C0085E186 /* FPExternalHeaders.h in Headers */,
				83A031E015AA288C0085E186 /* FPInternalHeaders.h in Headers */,
				831E0ABE15AA6E460081004F /* FPSaveSourceController.h in Headers */,
				831E0B4715AAC3F30081004F /* FPThumbCell.h in Headers */,
				EF2C85D9191062890050BE05 /* UIImageView+FPAFNetworking.h in Headers */,
				836A9D3A169B5CF1006AC920 /* FPInfoViewController.h in Headers */,
				EF2C85CE191062890050BE05 /* FPAFJSONUtilities.h in Headers */,
				832739F3171F384F000A4A23 /* FPLocalAlbumController.h in Headers */,
				EF2C85C8191062890050BE05 /* FPAFHTTPRequestOperation.h in Headers */,
			);
			runOnlyForDeploymentPostprocessing = 0;
		};
/* End PBXHeadersBuildPhase section */

/* Begin PBXNativeTarget section */
		83A030E115A89C9D0085E186 /* FPPicker */ = {
			isa = PBXNativeTarget;
			buildConfigurationList = 83A030EF15A89C9D0085E186 /* Build configuration list for PBXNativeTarget "FPPicker" */;
			buildPhases = (
				E02F3C8FE09441C5BE4AD47C /* Check Pods Manifest.lock */,
				83A030DE15A89C9D0085E186 /* Sources */,
				83A030DF15A89C9D0085E186 /* Frameworks */,
				83A030E015A89C9D0085E186 /* Headers */,
				83A0316815A8A1300085E186 /* ShellScript */,
				212C70256280447CB685B945 /* Copy Pods Resources */,
			);
			buildRules = (
			);
			dependencies = (
			);
			name = FPPicker;
			productName = FPPicker;
			productReference = 83A030E215A89C9D0085E186 /* libFPPicker.a */;
			productType = "com.apple.product-type.library.static";
		};
/* End PBXNativeTarget section */

/* Begin PBXProject section */
		83A030D915A89C9D0085E186 /* Project object */ = {
			isa = PBXProject;
			attributes = {
				LastUpgradeCheck = 0510;
				ORGANIZATIONNAME = "Filepicker.io (Couldtop Inc.)";
			};
			buildConfigurationList = 83A030DC15A89C9D0085E186 /* Build configuration list for PBXProject "FPPicker" */;
			compatibilityVersion = "Xcode 3.2";
			developmentRegion = English;
			hasScannedForEncodings = 0;
			knownRegions = (
				en,
			);
			mainGroup = 83A030D715A89C9D0085E186;
			productRefGroup = 83A030E315A89C9D0085E186 /* Products */;
			projectDirPath = "";
			projectRoot = "";
			targets = (
				83A030E115A89C9D0085E186 /* FPPicker */,
				83A0316915A8A2210085E186 /* Framework */,
				83FEB830179B2428009097B8 /* Release Framework */,
				023D832D1843CB1100D74A82 /* MultiArch Framework */,
			);
		};
/* End PBXProject section */

/* Begin PBXShellScriptBuildPhase section */
		023D83351843CB2C00D74A82 /* ShellScript */ = {
			isa = PBXShellScriptBuildPhase;
			buildActionMask = 2147483647;
			files = (
			);
			inputPaths = (
			);
			outputPaths = (
			);
			runOnlyForDeploymentPostprocessing = 0;
			shellPath = /bin/sh;
			shellScript = "set -e\n${PROJECT_DIR}/${PROJECT_NAME}/Scripts/framework-builder";
		};
		212C70256280447CB685B945 /* Copy Pods Resources */ = {
			isa = PBXShellScriptBuildPhase;
			buildActionMask = 2147483647;
			files = (
			);
			inputPaths = (
			);
			name = "Copy Pods Resources";
			outputPaths = (
			);
			runOnlyForDeploymentPostprocessing = 0;
			shellPath = /bin/sh;
			shellScript = "\"${SRCROOT}/Pods/Pods-resources.sh\"\n";
			showEnvVarsInLog = 0;
		};
		83A0316815A8A1300085E186 /* ShellScript */ = {
			isa = PBXShellScriptBuildPhase;
			buildActionMask = 2147483647;
			files = (
			);
			inputPaths = (
			);
			outputPaths = (
			);
			runOnlyForDeploymentPostprocessing = 0;
			shellPath = /bin/sh;
			shellScript = "set -e\n\nmkdir -p \"${BUILT_PRODUCTS_DIR}/${PRODUCT_NAME}.framework/Versions/A/Headers\"\n\n# Link the \"Current\" version to \"A\"\n/bin/ln -sfh A \"${BUILT_PRODUCTS_DIR}/${PRODUCT_NAME}.framework/Versions/Current\"\n/bin/ln -sfh Versions/Current/Headers \"${BUILT_PRODUCTS_DIR}/${PRODUCT_NAME}.framework/Headers\"\n/bin/ln -sfh \"Versions/Current/${PRODUCT_NAME}\" \"${BUILT_PRODUCTS_DIR}/${PRODUCT_NAME}.framework/${PRODUCT_NAME}\"\n\n# The -a ensures that the headers maintain the source modification date so that we don't constantly\n# cause propagating rebuilds of files that import these headers.\n/bin/cp -a \"${TARGET_BUILD_DIR}/${PUBLIC_HEADERS_FOLDER_PATH}/\" \"${BUILT_PRODUCTS_DIR}/${PRODUCT_NAME}.framework/Versions/A/Headers\"\n";
		};
		83A0316F15A8A2340085E186 /* ShellScript */ = {
			isa = PBXShellScriptBuildPhase;
			buildActionMask = 2147483647;
			files = (
			);
			inputPaths = (
			);
			outputPaths = (
			);
			runOnlyForDeploymentPostprocessing = 0;
			shellPath = /bin/sh;
			shellScript = "set -e\nset +u\n# Avoid recursively calling this script.\nif [[ $SF_MASTER_SCRIPT_RUNNING ]]\nthen\nexit 0\nfi\nset -u\nexport SF_MASTER_SCRIPT_RUNNING=1\n\nSF_TARGET_NAME=${PROJECT_NAME}\nSF_EXECUTABLE_PATH=\"lib${SF_TARGET_NAME}.a\"\nSF_WRAPPER_NAME=\"${SF_TARGET_NAME}.framework\"\n\n# The following conditionals come from\n# https://github.com/kstenerud/iOS-Universal-Framework\n\nif [[ \"$SDK_NAME\" =~ ([A-Za-z]+) ]]\nthen\nSF_SDK_PLATFORM=${BASH_REMATCH[1]}\nelse\necho \"Could not find platform name from SDK_NAME: $SDK_NAME\"\nexit 1\nfi\n\nif [[ \"$SDK_NAME\" =~ ([0-9]+.*$) ]]\nthen\nSF_SDK_VERSION=${BASH_REMATCH[1]}\nelse\necho \"Could not find sdk version from SDK_NAME: $SDK_NAME\"\nexit 1\nfi\n\nif [[ \"$SF_SDK_PLATFORM\" = \"iphoneos\" ]]\nthen\nSF_OTHER_PLATFORM=iphonesimulator\nelse\nSF_OTHER_PLATFORM=iphoneos\nfi\n\nif [[ \"$BUILT_PRODUCTS_DIR\" =~ (.*)$SF_SDK_PLATFORM$ ]]\nthen\nSF_OTHER_BUILT_PRODUCTS_DIR=\"${BASH_REMATCH[1]}${SF_OTHER_PLATFORM}\"\nelse\necho \"Could not find platform name from build products directory: $BUILT_PRODUCTS_DIR\"\nexit 1\nfi\n\n# Build the other platform.\nxcodebuild -project \"${PROJECT_FILE_PATH}\" -target \"${TARGET_NAME}\" -configuration \"${CONFIGURATION}\" -sdk ${SF_OTHER_PLATFORM}${SF_SDK_VERSION} BUILD_DIR=\"${BUILD_DIR}\" OBJROOT=\"${OBJROOT}\" BUILD_ROOT=\"${BUILD_ROOT}\" SYMROOT=\"${SYMROOT}\" $ACTION\n\n# Smash the two static libraries into one fat binary and store it in the .framework\nlipo -create \"${BUILT_PRODUCTS_DIR}/${SF_EXECUTABLE_PATH}\" \"${SF_OTHER_BUILT_PRODUCTS_DIR}/${SF_EXECUTABLE_PATH}\" -output \"${BUILT_PRODUCTS_DIR}/${SF_WRAPPER_NAME}/Versions/A/${SF_TARGET_NAME}\"\n\n# Copy the binary to the other architecture folder to have a complete framework in both.\ncp -a \"${BUILT_PRODUCTS_DIR}/${SF_WRAPPER_NAME}/Versions/A/${SF_TARGET_NAME}\" \"${SF_OTHER_BUILT_PRODUCTS_DIR}/${SF_WRAPPER_NAME}/Versions/A/${SF_TARGET_NAME}\"\n";
		};
		83FEB835179B2428009097B8 /* ShellScript */ = {
			isa = PBXShellScriptBuildPhase;
			buildActionMask = 2147483647;
			files = (
			);
			inputPaths = (
			);
			outputPaths = (
			);
			runOnlyForDeploymentPostprocessing = 0;
			shellPath = /bin/sh;
			shellScript = "set -e\nset +u\n# Avoid recursively calling this script.\nif [[ $SF_MASTER_SCRIPT_RUNNING ]]\nthen\nexit 0\nfi\nset -u\nexport SF_MASTER_SCRIPT_RUNNING=1\n\nSF_TARGET_NAME=${PROJECT_NAME}\nSF_EXECUTABLE_PATH=\"lib${SF_TARGET_NAME}.a\"\nSF_WRAPPER_NAME=\"${SF_TARGET_NAME}.framework\"\n\n# The following conditionals come from\n# https://github.com/kstenerud/iOS-Universal-Framework\n\nif [[ \"$SDK_NAME\" =~ ([A-Za-z]+) ]]\nthen\nSF_SDK_PLATFORM=${BASH_REMATCH[1]}\nelse\necho \"Could not find platform name from SDK_NAME: $SDK_NAME\"\nexit 1\nfi\n\nif [[ \"$SDK_NAME\" =~ ([0-9]+.*$) ]]\nthen\nSF_SDK_VERSION=${BASH_REMATCH[1]}\nelse\necho \"Could not find sdk version from SDK_NAME: $SDK_NAME\"\nexit 1\nfi\n\nif [[ \"$SF_SDK_PLATFORM\" = \"iphoneos\" ]]\nthen\nSF_OTHER_PLATFORM=iphonesimulator\nelse\nSF_OTHER_PLATFORM=iphoneos\nfi\n\nif [[ \"$BUILT_PRODUCTS_DIR\" =~ (.*)$SF_SDK_PLATFORM$ ]]\nthen\nSF_OTHER_BUILT_PRODUCTS_DIR=\"${BASH_REMATCH[1]}${SF_OTHER_PLATFORM}\"\nelse\necho \"Could not find platform name from build products directory: $BUILT_PRODUCTS_DIR\"\nexit 1\nfi\n\n# Build the other platform.\nxcodebuild -project \"${PROJECT_FILE_PATH}\" -target \"${TARGET_NAME}\" -configuration \"${CONFIGURATION}\" -sdk ${SF_OTHER_PLATFORM}${SF_SDK_VERSION} BUILD_DIR=\"${BUILD_DIR}\" OBJROOT=\"${OBJROOT}\" BUILD_ROOT=\"${BUILD_ROOT}\" SYMROOT=\"${SYMROOT}\" $ACTION\n\n# Smash the two static libraries into one fat binary and store it in the .framework\nlipo -create \"${BUILT_PRODUCTS_DIR}/${SF_EXECUTABLE_PATH}\" \"${SF_OTHER_BUILT_PRODUCTS_DIR}/${SF_EXECUTABLE_PATH}\" -output \"${BUILT_PRODUCTS_DIR}/${SF_WRAPPER_NAME}/Versions/A/${SF_TARGET_NAME}\"\n\n# Copy the binary to the other architecture folder to have a complete framework in both.\ncp -a \"${BUILT_PRODUCTS_DIR}/${SF_WRAPPER_NAME}/Versions/A/${SF_TARGET_NAME}\" \"${SF_OTHER_BUILT_PRODUCTS_DIR}/${SF_WRAPPER_NAME}/Versions/A/${SF_TARGET_NAME}\"\n";
		};
		E02F3C8FE09441C5BE4AD47C /* Check Pods Manifest.lock */ = {
			isa = PBXShellScriptBuildPhase;
			buildActionMask = 2147483647;
			files = (
			);
			inputPaths = (
			);
			name = "Check Pods Manifest.lock";
			outputPaths = (
			);
			runOnlyForDeploymentPostprocessing = 0;
			shellPath = /bin/sh;
			shellScript = "diff \"${PODS_ROOT}/../Podfile.lock\" \"${PODS_ROOT}/Manifest.lock\" > /dev/null\nif [[ $? != 0 ]] ; then\n    cat << EOM\nerror: The sandbox is not in sync with the Podfile.lock. Run 'pod install' or update your CocoaPods installation.\nEOM\n    exit 1\nfi\n";
			showEnvVarsInLog = 0;
		};
/* End PBXShellScriptBuildPhase section */

/* Begin PBXSourcesBuildPhase section */
		83A030DE15A89C9D0085E186 /* Sources */ = {
			isa = PBXSourcesBuildPhase;
			buildActionMask = 2147483647;
			files = (
				EF2C85D6191062890050BE05 /* FPAFURLConnectionOperation.m in Sources */,
				83A0313A15A89D6E0085E186 /* FP_PullRefreshTableViewController.m in Sources */,
				83A0315615A89E050085E186 /* FPAuthController.m in Sources */,
				EF2C85CB191062890050BE05 /* FPAFImageRequestOperation.m in Sources */,
				83A0315915A89E050085E186 /* FPConstants.m in Sources */,
				83A0315B15A89E050085E186 /* FPLibrary.m in Sources */,
				EF2C85D4191062890050BE05 /* FPAFPropertyListRequestOperation.m in Sources */,
				EF2C85DA191062890050BE05 /* UIImageView+FPAFNetworking.m in Sources */,
				83A0315D15A89E050085E186 /* FPLocalController.m in Sources */,
				83A0316015A89E050085E186 /* FPPickerController.m in Sources */,
				83A0316215A89E050085E186 /* FPSearchController.m in Sources */,
				83A0316415A89E050085E186 /* FPSourceController.m in Sources */,
				0266B3A4184EB1A800A91862 /* FPTableWithUploadButtonViewController.m in Sources */,
				EF2C85CF191062890050BE05 /* FPAFJSONUtilities.m in Sources */,
				EF2C85D8191062890050BE05 /* FPAFXMLRequestOperation.m in Sources */,
				83A0316615A89E050085E186 /* FPSourceListController.m in Sources */,
				83A031A715A8A4AD0085E186 /* FPSource.m in Sources */,
				83A031BC15A8F2570085E186 /* FPSaveController.m in Sources */,
				EF2C85C9191062890050BE05 /* FPAFHTTPRequestOperation.m in Sources */,
				EF2C85C7191062890050BE05 /* FPAFHTTPClient.m in Sources */,
				831E0ABF15AA6E460081004F /* FPSaveSourceController.m in Sources */,
				831E0B4815AAC3F30081004F /* FPThumbCell.m in Sources */,
				83C5790415AF13D900A601DB /* FPMBProgressHUD.m in Sources */,
				EF2C85CD191062890050BE05 /* FPAFJSONRequestOperation.m in Sources */,
				EF2C85D1191062890050BE05 /* FPAFNetworkActivityIndicatorManager.m in Sources */,
				836A9D3B169B5CF1006AC920 /* FPInfoViewController.m in Sources */,
				832739F4171F384F000A4A23 /* FPLocalAlbumController.m in Sources */,
				02C136AB1856794000D6940E /* FPProgressTracker.m in Sources */,
			);
			runOnlyForDeploymentPostprocessing = 0;
		};
/* End PBXSourcesBuildPhase section */

/* Begin PBXTargetDependency section */
		023D83321843CB1700D74A82 /* PBXTargetDependency */ = {
			isa = PBXTargetDependency;
			target = 83A030E115A89C9D0085E186 /* FPPicker */;
			targetProxy = 023D83311843CB1700D74A82 /* PBXContainerItemProxy */;
		};
		83A0316E15A8A22B0085E186 /* PBXTargetDependency */ = {
			isa = PBXTargetDependency;
			target = 83A030E115A89C9D0085E186 /* FPPicker */;
			targetProxy = 83A0316D15A8A22B0085E186 /* PBXContainerItemProxy */;
		};
		83FEB833179B2428009097B8 /* PBXTargetDependency */ = {
			isa = PBXTargetDependency;
			target = 83A030E115A89C9D0085E186 /* FPPicker */;
			targetProxy = 83FEB834179B2428009097B8 /* PBXContainerItemProxy */;
		};
/* End PBXTargetDependency section */

/* Begin XCBuildConfiguration section */
		023D832E1843CB1100D74A82 /* Debug */ = {
			isa = XCBuildConfiguration;
			buildSettings = {
				ONLY_ACTIVE_ARCH = NO;
				PRODUCT_NAME = "$(TARGET_NAME)";
			};
			name = Debug;
		};
		023D832F1843CB1100D74A82 /* Release */ = {
			isa = XCBuildConfiguration;
			buildSettings = {
				ONLY_ACTIVE_ARCH = NO;
				PRODUCT_NAME = "$(TARGET_NAME)";
			};
			name = Release;
		};
		83A030ED15A89C9D0085E186 /* Debug */ = {
			isa = XCBuildConfiguration;
			buildSettings = {
				ALWAYS_SEARCH_USER_PATHS = NO;
				CLANG_ENABLE_OBJC_ARC = YES;
				CLANG_WARN_BOOL_CONVERSION = YES;
				CLANG_WARN_CONSTANT_CONVERSION = YES;
				CLANG_WARN_EMPTY_BODY = YES;
				CLANG_WARN_ENUM_CONVERSION = YES;
				CLANG_WARN_INT_CONVERSION = YES;
				CLANG_WARN__DUPLICATE_METHOD_MATCH = YES;
				COPY_PHASE_STRIP = NO;
				DEAD_CODE_STRIPPING = NO;
				GCC_C_LANGUAGE_STANDARD = gnu99;
				GCC_DYNAMIC_NO_PIC = NO;
				GCC_OPTIMIZATION_LEVEL = 0;
				GCC_PREPROCESSOR_DEFINITIONS = (
					"DEBUG=1",
					"$(inherited)",
				);
				GCC_SYMBOLS_PRIVATE_EXTERN = NO;
				GCC_VERSION = com.apple.compilers.llvm.clang.1_0;
				GCC_WARN_64_TO_32_BIT_CONVERSION = YES;
				GCC_WARN_ABOUT_RETURN_TYPE = YES;
				GCC_WARN_UNDECLARED_SELECTOR = YES;
				GCC_WARN_UNINITIALIZED_AUTOS = YES;
				GCC_WARN_UNUSED_FUNCTION = YES;
				GCC_WARN_UNUSED_VARIABLE = YES;
				IPHONEOS_DEPLOYMENT_TARGET = 5.1.1;
				ONLY_ACTIVE_ARCH = YES;
				PUBLIC_HEADERS_FOLDER_PATH = "$(PROJECT_NAME)Headers";
				SDKROOT = iphoneos;
				STRIP_STYLE = "non-global";
			};
			name = Debug;
		};
		83A030EE15A89C9D0085E186 /* Release */ = {
			isa = XCBuildConfiguration;
			buildSettings = {
				ALWAYS_SEARCH_USER_PATHS = NO;
				CLANG_ENABLE_OBJC_ARC = YES;
				CLANG_WARN_BOOL_CONVERSION = YES;
				CLANG_WARN_CONSTANT_CONVERSION = YES;
				CLANG_WARN_EMPTY_BODY = YES;
				CLANG_WARN_ENUM_CONVERSION = YES;
				CLANG_WARN_INT_CONVERSION = YES;
				CLANG_WARN__DUPLICATE_METHOD_MATCH = YES;
				COPY_PHASE_STRIP = NO;
				DEAD_CODE_STRIPPING = NO;
				GCC_C_LANGUAGE_STANDARD = gnu99;
				GCC_VERSION = com.apple.compilers.llvm.clang.1_0;
				GCC_WARN_64_TO_32_BIT_CONVERSION = YES;
				GCC_WARN_ABOUT_RETURN_TYPE = YES;
				GCC_WARN_UNDECLARED_SELECTOR = YES;
				GCC_WARN_UNINITIALIZED_AUTOS = YES;
				GCC_WARN_UNUSED_FUNCTION = YES;
				GCC_WARN_UNUSED_VARIABLE = YES;
				IPHONEOS_DEPLOYMENT_TARGET = 5.1.1;
				PUBLIC_HEADERS_FOLDER_PATH = "$(PROJECT_NAME)Headers";
				SDKROOT = iphoneos;
				STRIP_STYLE = "non-global";
				VALIDATE_PRODUCT = YES;
			};
			name = Release;
		};
		83A030F015A89C9D0085E186 /* Debug */ = {
			isa = XCBuildConfiguration;
			baseConfigurationReference = AE5FA085DB7442F9A1DB5EE4 /* Pods.xcconfig */;
			buildSettings = {
				DSTROOT = /tmp/FPPicker.dst;
				GCC_PRECOMPILE_PREFIX_HEADER = YES;
				GCC_PREFIX_HEADER = "FPPicker/FPPicker-Prefix.pch";
				ONLY_ACTIVE_ARCH = YES;
				OTHER_LDFLAGS = "$(inherited)";
				PRODUCT_NAME = "$(TARGET_NAME)";
				SKIP_INSTALL = YES;
			};
			name = Debug;
		};
		83A030F115A89C9D0085E186 /* Release */ = {
			isa = XCBuildConfiguration;
			baseConfigurationReference = AE5FA085DB7442F9A1DB5EE4 /* Pods.xcconfig */;
			buildSettings = {
				DSTROOT = /tmp/FPPicker.dst;
				GCC_PRECOMPILE_PREFIX_HEADER = YES;
				GCC_PREFIX_HEADER = "FPPicker/FPPicker-Prefix.pch";
				ONLY_ACTIVE_ARCH = YES;
				OTHER_LDFLAGS = "$(inherited)";
				PRODUCT_NAME = "$(TARGET_NAME)";
				SKIP_INSTALL = YES;
			};
			name = Release;
		};
		83A0316B15A8A2210085E186 /* Debug */ = {
			isa = XCBuildConfiguration;
			buildSettings = {
				ONLY_ACTIVE_ARCH = YES;
				PRODUCT_NAME = "$(TARGET_NAME)";
			};
			name = Debug;
		};
		83A0316C15A8A2210085E186 /* Release */ = {
			isa = XCBuildConfiguration;
			buildSettings = {
				ONLY_ACTIVE_ARCH = YES;
				PRODUCT_NAME = "$(TARGET_NAME)";
			};
			name = Release;
		};
		83FEB837179B2428009097B8 /* Debug */ = {
			isa = XCBuildConfiguration;
			buildSettings = {
				GCC_PREPROCESSOR_DEFINITIONS = "";
				ONLY_ACTIVE_ARCH = NO;
				PRODUCT_NAME = "Framework copy";
			};
			name = Debug;
		};
		83FEB838179B2428009097B8 /* Release */ = {
			isa = XCBuildConfiguration;
			buildSettings = {
				PRODUCT_NAME = "Framework copy";
			};
			name = Release;
		};
/* End XCBuildConfiguration section */

/* Begin XCConfigurationList section */
		023D83301843CB1100D74A82 /* Build configuration list for PBXAggregateTarget "MultiArch Framework" */ = {
			isa = XCConfigurationList;
			buildConfigurations = (
				023D832E1843CB1100D74A82 /* Debug */,
				023D832F1843CB1100D74A82 /* Release */,
			);
			defaultConfigurationIsVisible = 0;
			defaultConfigurationName = Release;
		};
		83A030DC15A89C9D0085E186 /* Build configuration list for PBXProject "FPPicker" */ = {
			isa = XCConfigurationList;
			buildConfigurations = (
				83A030ED15A89C9D0085E186 /* Debug */,
				83A030EE15A89C9D0085E186 /* Release */,
			);
			defaultConfigurationIsVisible = 0;
			defaultConfigurationName = Release;
		};
		83A030EF15A89C9D0085E186 /* Build configuration list for PBXNativeTarget "FPPicker" */ = {
			isa = XCConfigurationList;
			buildConfigurations = (
				83A030F015A89C9D0085E186 /* Debug */,
				83A030F115A89C9D0085E186 /* Release */,
			);
			defaultConfigurationIsVisible = 0;
			defaultConfigurationName = Release;
		};
		83A0316A15A8A2210085E186 /* Build configuration list for PBXAggregateTarget "Framework" */ = {
			isa = XCConfigurationList;
			buildConfigurations = (
				83A0316B15A8A2210085E186 /* Debug */,
				83A0316C15A8A2210085E186 /* Release */,
			);
			defaultConfigurationIsVisible = 0;
			defaultConfigurationName = Release;
		};
		83FEB836179B2428009097B8 /* Build configuration list for PBXAggregateTarget "Release Framework" */ = {
			isa = XCConfigurationList;
			buildConfigurations = (
				83FEB837179B2428009097B8 /* Debug */,
				83FEB838179B2428009097B8 /* Release */,
			);
			defaultConfigurationIsVisible = 0;
			defaultConfigurationName = Release;
		};
/* End XCConfigurationList section */
	};
	rootObject = 83A030D915A89C9D0085E186 /* Project object */;
}
